Microsoft Visual Studio Solution File, Format Version 12.00
# Visual Studio Version 18
VisualStudioVersion = 18.5.11716.220 stable
MinimumVisualStudioVersion = 10.0.40219.1
Project("{8BC9CEB8-8B4A-11D0-8D11-00A0C91BC942}") = "core", "vcproj\core.vcxproj", "{9C3F704A-25EC-4A48-907D-DF78EA2CFC47}"
	ProjectSection(ProjectDependencies) = postProject
		{5D47B8B7-16AE-4490-A028-EF0AC74083CC} = {5D47B8B7-16AE-4490-A028-EF0AC74083CC}
	EndProjectSection
EndProject
Project("{8BC9CEB8-8B4A-11D0-8D11-00A0C91BC942}") = "win_runtime", "vcproj\win_runtime.vcxproj", "{8BC8F17F-EE5C-439C-92D4-87BDA183150A}"
	ProjectSection(ProjectDependencies) = postProject
		{F3B5035B-34E5-4A8A-9B2B-485C3C79B67A} = {F3B5035B-34E5-4A8A-9B2B-485C3C79B67A}
	EndProjectSection
EndProject
Project("{8BC9CEB8-8B4A-11D0-8D11-00A0C91BC942}") = "VMProtectCon", "vcproj\VMProtectCon.vcxproj", "{BF5F6D1F-48B1-4DCA-BD02-05E9C9DC5410}"
	ProjectSection(ProjectDependencies) = postProject
		{5D47B8B7-16AE-4490-A028-EF0AC74083CC} = {5D47B8B7-16AE-4490-A028-EF0AC74083CC}
	EndProjectSection
EndProject
Project("{8BC9CEB8-8B4A-11D0-8D11-00A0C91BC942}") = "VMProtect", "vcproj\VMProtect.vcxproj", "{7E81296C-F378-4111-8499-D38B8636CC3C}"
	ProjectSection(ProjectDependencies) = postProject
		{5D47B8B7-16AE-4490-A028-EF0AC74083CC} = {5D47B8B7-16AE-4490-A028-EF0AC74083CC}
	EndProjectSection
EndProject
Project("{8BC9CEB8-8B4A-11D0-8D11-00A0C91BC942}") = "VMProtectSDK", "vcproj\VMProtectSDK.vcxproj", "{F3B5035B-34E5-4A8A-9B2B-485C3C79B67A}"
EndProject
Project("{2150E333-8FDC-42A3-9474-1A3956D46DE8}") = "Common", "Common", "{38A3A9FF-75A3-4162-947F-5F3081EAA5E9}"
EndProject
Project("{8BC9CEB8-8B4A-11D0-8D11-00A0C91BC942}") = "invariant_core", "vcproj\invariant_core.vcxproj", "{5D47B8B7-16AE-4490-A028-EF0AC74083CC}"
EndProject
Global
	GlobalSection(SolutionConfigurationPlatforms) = preSolution
		Checked|Any CPU = Checked|Any CPU
		Checked|Mixed Platforms = Checked|Mixed Platforms
		Checked|Win32 = Checked|Win32
		Checked|x64 = Checked|x64
		Debug|Any CPU = Debug|Any CPU
		Debug|Mixed Platforms = Debug|Mixed Platforms
		Debug|Win32 = Debug|Win32
		Debug|x64 = Debug|x64
		Debug-static|Any CPU = Debug-static|Any CPU
		Debug-static|Mixed Platforms = Debug-static|Mixed Platforms
		Debug-static|Win32 = Debug-static|Win32
		Debug-static|x64 = Debug-static|x64
		Demo|Any CPU = Demo|Any CPU
		Demo|Mixed Platforms = Demo|Mixed Platforms
		Demo|Win32 = Demo|Win32
		Demo|x64 = Demo|x64
		Driver|Any CPU = Driver|Any CPU
		Driver|Mixed Platforms = Driver|Mixed Platforms
		Driver|Win32 = Driver|Win32
		Driver|x64 = Driver|x64
		DriverDemo|Any CPU = DriverDemo|Any CPU
		DriverDemo|Mixed Platforms = DriverDemo|Mixed Platforms
		DriverDemo|Win32 = DriverDemo|Win32
		DriverDemo|x64 = DriverDemo|x64
		Lite|Any CPU = Lite|Any CPU
		Lite|Mixed Platforms = Lite|Mixed Platforms
		Lite|Win32 = Lite|Win32
		Lite|x64 = Lite|x64
		Professional|Any CPU = Professional|Any CPU
		Professional|Mixed Platforms = Professional|Mixed Platforms
		Professional|Win32 = Professional|Win32
		Professional|x64 = Professional|x64
		Release|Any CPU = Release|Any CPU
		Release|Mixed Platforms = Release|Mixed Platforms
		Release|Win32 = Release|Win32
		Release|x64 = Release|x64
		Release-static|Any CPU = Release-static|Any CPU
		Release-static|Mixed Platforms = Release-static|Mixed Platforms
		Release-static|Win32 = Release-static|Win32
		Release-static|x64 = Release-static|x64
		Ultimate|Any CPU = Ultimate|Any CPU
		Ultimate|Mixed Platforms = Ultimate|Mixed Platforms
		Ultimate|Win32 = Ultimate|Win32
		Ultimate|x64 = Ultimate|x64
	EndGlobalSection
	GlobalSection(ProjectConfigurationPlatforms) = postSolution
		{9C3F704A-25EC-4A48-907D-DF78EA2CFC47}.Checked|Any CPU.ActiveCfg = Checked|Win32
		{9C3F704A-25EC-4A48-907D-DF78EA2CFC47}.Checked|Mixed Platforms.ActiveCfg = Checked|Win32
		{9C3F704A-25EC-4A48-907D-DF78EA2CFC47}.Checked|Mixed Platforms.Build.0 = Checked|Win32
		{9C3F704A-25EC-4A48-907D-DF78EA2CFC47}.Checked|Win32.ActiveCfg = Checked|Win32
		{9C3F704A-25EC-4A48-907D-DF78EA2CFC47}.Checked|Win32.Build.0 = Checked|Win32
		{9C3F704A-25EC-4A48-907D-DF78EA2CFC47}.Checked|x64.ActiveCfg = Checked|x64
		{9C3F704A-25EC-4A48-907D-DF78EA2CFC47}.Checked|x64.Build.0 = Checked|x64
		{9C3F704A-25EC-4A48-907D-DF78EA2CFC47}.Debug|Any CPU.ActiveCfg = Debug|Win32
		{9C3F704A-25EC-4A48-907D-DF78EA2CFC47}.Debug|Mixed Platforms.ActiveCfg = Debug|x64
		{9C3F704A-25EC-4A48-907D-DF78EA2CFC47}.Debug|Mixed Platforms.Build.0 = Debug|x64
		{9C3F704A-25EC-4A48-907D-DF78EA2CFC47}.Debug|Win32.ActiveCfg = Debug|Win32
		{9C3F704A-25EC-4A48-907D-DF78EA2CFC47}.Debug|Win32.Build.0 = Debug|Win32
		{9C3F704A-25EC-4A48-907D-DF78EA2CFC47}.Debug|x64.ActiveCfg = Debug|x64
		{9C3F704A-25EC-4A48-907D-DF78EA2CFC47}.Debug|x64.Build.0 = Debug|x64
		{9C3F704A-25EC-4A48-907D-DF78EA2CFC47}.Debug-static|Any CPU.ActiveCfg = Ultimate|x64
		{9C3F704A-25EC-4A48-907D-DF78EA2CFC47}.Debug-static|Any CPU.Build.0 = Ultimate|x64
		{9C3F704A-25EC-4A48-907D-DF78EA2CFC47}.Debug-static|Mixed Platforms.ActiveCfg = Debug|Win32
		{9C3F704A-25EC-4A48-907D-DF78EA2CFC47}.Debug-static|Mixed Platforms.Build.0 = Debug|Win32
		{9C3F704A-25EC-4A48-907D-DF78EA2CFC47}.Debug-static|Win32.ActiveCfg = Debug|Win32
		{9C3F704A-25EC-4A48-907D-DF78EA2CFC47}.Debug-static|Win32.Build.0 = Debug|Win32
		{9C3F704A-25EC-4A48-907D-DF78EA2CFC47}.Debug-static|x64.ActiveCfg = Debug|x64
		{9C3F704A-25EC-4A48-907D-DF78EA2CFC47}.Debug-static|x64.Build.0 = Debug|x64
		{9C3F704A-25EC-4A48-907D-DF78EA2CFC47}.Demo|Any CPU.ActiveCfg = Demo|Win32
		{9C3F704A-25EC-4A48-907D-DF78EA2CFC47}.Demo|Mixed Platforms.ActiveCfg = Demo|Win32
		{9C3F704A-25EC-4A48-907D-DF78EA2CFC47}.Demo|Mixed Platforms.Build.0 = Demo|Win32
		{9C3F704A-25EC-4A48-907D-DF78EA2CFC47}.Demo|Win32.ActiveCfg = Demo|Win32
		{9C3F704A-25EC-4A48-907D-DF78EA2CFC47}.Demo|Win32.Build.0 = Demo|Win32
		{9C3F704A-25EC-4A48-907D-DF78EA2CFC47}.Demo|x64.ActiveCfg = Demo|x64
		{9C3F704A-25EC-4A48-907D-DF78EA2CFC47}.Demo|x64.Build.0 = Demo|x64
		{9C3F704A-25EC-4A48-907D-DF78EA2CFC47}.Driver|Any CPU.ActiveCfg = Demo|Win32
		{9C3F704A-25EC-4A48-907D-DF78EA2CFC47}.Driver|Mixed Platforms.ActiveCfg = Demo|Win32
		{9C3F704A-25EC-4A48-907D-DF78EA2CFC47}.Driver|Mixed Platforms.Build.0 = Demo|Win32
		{9C3F704A-25EC-4A48-907D-DF78EA2CFC47}.Driver|Win32.ActiveCfg = Professional|Win32
		{9C3F704A-25EC-4A48-907D-DF78EA2CFC47}.Driver|Win32.Build.0 = Professional|Win32
		{9C3F704A-25EC-4A48-907D-DF78EA2CFC47}.Driver|x64.ActiveCfg = Professional|x64
		{9C3F704A-25EC-4A48-907D-DF78EA2CFC47}.Driver|x64.Build.0 = Professional|x64
		{9C3F704A-25EC-4A48-907D-DF78EA2CFC47}.DriverDemo|Any CPU.ActiveCfg = Demo|Win32
		{9C3F704A-25EC-4A48-907D-DF78EA2CFC47}.DriverDemo|Mixed Platforms.ActiveCfg = Demo|Win32
		{9C3F704A-25EC-4A48-907D-DF78EA2CFC47}.DriverDemo|Mixed Platforms.Build.0 = Demo|Win32
		{9C3F704A-25EC-4A48-907D-DF78EA2CFC47}.DriverDemo|Win32.ActiveCfg = Professional|Win32
		{9C3F704A-25EC-4A48-907D-DF78EA2CFC47}.DriverDemo|x64.ActiveCfg = Professional|x64
		{9C3F704A-25EC-4A48-907D-DF78EA2CFC47}.Lite|Any CPU.ActiveCfg = Lite|Win32
		{9C3F704A-25EC-4A48-907D-DF78EA2CFC47}.Lite|Mixed Platforms.ActiveCfg = Lite|Win32
		{9C3F704A-25EC-4A48-907D-DF78EA2CFC47}.Lite|Mixed Platforms.Build.0 = Lite|Win32
		{9C3F704A-25EC-4A48-907D-DF78EA2CFC47}.Lite|Win32.ActiveCfg = Lite|Win32
		{9C3F704A-25EC-4A48-907D-DF78EA2CFC47}.Lite|Win32.Build.0 = Lite|Win32
		{9C3F704A-25EC-4A48-907D-DF78EA2CFC47}.Lite|x64.ActiveCfg = Lite|x64
		{9C3F704A-25EC-4A48-907D-DF78EA2CFC47}.Lite|x64.Build.0 = Lite|x64
		{9C3F704A-25EC-4A48-907D-DF78EA2CFC47}.Professional|Any CPU.ActiveCfg = Professional|Win32
		{9C3F704A-25EC-4A48-907D-DF78EA2CFC47}.Professional|Mixed Platforms.ActiveCfg = Professional|Win32
		{9C3F704A-25EC-4A48-907D-DF78EA2CFC47}.Professional|Mixed Platforms.Build.0 = Professional|Win32
		{9C3F704A-25EC-4A48-907D-DF78EA2CFC47}.Professional|Win32.ActiveCfg = Professional|Win32
		{9C3F704A-25EC-4A48-907D-DF78EA2CFC47}.Professional|Win32.Build.0 = Professional|Win32
		{9C3F704A-25EC-4A48-907D-DF78EA2CFC47}.Professional|x64.ActiveCfg = Professional|x64
		{9C3F704A-25EC-4A48-907D-DF78EA2CFC47}.Professional|x64.Build.0 = Professional|x64
		{9C3F704A-25EC-4A48-907D-DF78EA2CFC47}.Release|Any CPU.ActiveCfg = Ultimate|Win32
		{9C3F704A-25EC-4A48-907D-DF78EA2CFC47}.Release|Mixed Platforms.ActiveCfg = Ultimate|Win32
		{9C3F704A-25EC-4A48-907D-DF78EA2CFC47}.Release|Mixed Platforms.Build.0 = Ultimate|Win32
		{9C3F704A-25EC-4A48-907D-DF78EA2CFC47}.Release|Win32.ActiveCfg = Ultimate|Win32
		{9C3F704A-25EC-4A48-907D-DF78EA2CFC47}.Release|x64.ActiveCfg = Ultimate|x64
		{9C3F704A-25EC-4A48-907D-DF78EA2CFC47}.Release-static|Any CPU.ActiveCfg = Ultimate|x64
		{9C3F704A-25EC-4A48-907D-DF78EA2CFC47}.Release-static|Any CPU.Build.0 = Ultimate|x64
		{9C3F704A-25EC-4A48-907D-DF78EA2CFC47}.Release-static|Mixed Platforms.ActiveCfg = Ultimate|Win32
		{9C3F704A-25EC-4A48-907D-DF78EA2CFC47}.Release-static|Mixed Platforms.Build.0 = Ultimate|Win32
		{9C3F704A-25EC-4A48-907D-DF78EA2CFC47}.Release-static|Win32.ActiveCfg = Ultimate|Win32
		{9C3F704A-25EC-4A48-907D-DF78EA2CFC47}.Release-static|Win32.Build.0 = Ultimate|Win32
		{9C3F704A-25EC-4A48-907D-DF78EA2CFC47}.Release-static|x64.ActiveCfg = Ultimate|x64
		{9C3F704A-25EC-4A48-907D-DF78EA2CFC47}.Release-static|x64.Build.0 = Ultimate|x64
		{9C3F704A-25EC-4A48-907D-DF78EA2CFC47}.Ultimate|Any CPU.ActiveCfg = Ultimate|Win32
		{9C3F704A-25EC-4A48-907D-DF78EA2CFC47}.Ultimate|Mixed Platforms.ActiveCfg = Ultimate|Win32
		{9C3F704A-25EC-4A48-907D-DF78EA2CFC47}.Ultimate|Mixed Platforms.Build.0 = Ultimate|Win32
		{9C3F704A-25EC-4A48-907D-DF78EA2CFC47}.Ultimate|Win32.ActiveCfg = Ultimate|Win32
		{9C3F704A-25EC-4A48-907D-DF78EA2CFC47}.Ultimate|Win32.Build.0 = Ultimate|Win32
		{9C3F704A-25EC-4A48-907D-DF78EA2CFC47}.Ultimate|x64.ActiveCfg = Ultimate|x64
		{9C3F704A-25EC-4A48-907D-DF78EA2CFC47}.Ultimate|x64.Build.0 = Ultimate|x64
		{8BC8F17F-EE5C-439C-92D4-87BDA183150A}.Checked|Any CPU.ActiveCfg = Debug|Win32
		{8BC8F17F-EE5C-439C-92D4-87BDA183150A}.Checked|Mixed Platforms.ActiveCfg = Release|Win32
		{8BC8F17F-EE5C-439C-92D4-87BDA183150A}.Checked|Mixed Platforms.Build.0 = Release|Win32
		{8BC8F17F-EE5C-439C-92D4-87BDA183150A}.Checked|Win32.ActiveCfg = Release|Win32
		{8BC8F17F-EE5C-439C-92D4-87BDA183150A}.Checked|Win32.Build.0 = Release|Win32
		{8BC8F17F-EE5C-439C-92D4-87BDA183150A}.Checked|x64.ActiveCfg = Release|x64
		{8BC8F17F-EE5C-439C-92D4-87BDA183150A}.Checked|x64.Build.0 = Release|x64
		{8BC8F17F-EE5C-439C-92D4-87BDA183150A}.Debug|Any CPU.ActiveCfg = Debug|Win32
		{8BC8F17F-EE5C-439C-92D4-87BDA183150A}.Debug|Mixed Platforms.ActiveCfg = Debug|Win32
		{8BC8F17F-EE5C-439C-92D4-87BDA183150A}.Debug|Mixed Platforms.Build.0 = Debug|Win32
		{8BC8F17F-EE5C-439C-92D4-87BDA183150A}.Debug|Win32.ActiveCfg = Debug|Win32
		{8BC8F17F-EE5C-439C-92D4-87BDA183150A}.Debug|Win32.Build.0 = Debug|Win32
		{8BC8F17F-EE5C-439C-92D4-87BDA183150A}.Debug|x64.ActiveCfg = Debug|x64
		{8BC8F17F-EE5C-439C-92D4-87BDA183150A}.Debug|x64.Build.0 = Debug|x64
		{8BC8F17F-EE5C-439C-92D4-87BDA183150A}.Debug-static|Any CPU.ActiveCfg = DriverDemo|x64
		{8BC8F17F-EE5C-439C-92D4-87BDA183150A}.Debug-static|Any CPU.Build.0 = DriverDemo|x64
		{8BC8F17F-EE5C-439C-92D4-87BDA183150A}.Debug-static|Mixed Platforms.ActiveCfg = Debug|Win32
		{8BC8F17F-EE5C-439C-92D4-87BDA183150A}.Debug-static|Mixed Platforms.Build.0 = Debug|Win32
		{8BC8F17F-EE5C-439C-92D4-87BDA183150A}.Debug-static|Win32.ActiveCfg = Debug|Win32
		{8BC8F17F-EE5C-439C-92D4-87BDA183150A}.Debug-static|Win32.Build.0 = Debug|Win32
		{8BC8F17F-EE5C-439C-92D4-87BDA183150A}.Debug-static|x64.ActiveCfg = Debug|x64
		{8BC8F17F-EE5C-439C-92D4-87BDA183150A}.Debug-static|x64.Build.0 = Debug|x64
		{8BC8F17F-EE5C-439C-92D4-87BDA183150A}.Demo|Any CPU.ActiveCfg = Debug|Win32
		{8BC8F17F-EE5C-439C-92D4-87BDA183150A}.Demo|Mixed Platforms.ActiveCfg = Debug|Win32
		{8BC8F17F-EE5C-439C-92D4-87BDA183150A}.Demo|Mixed Platforms.Build.0 = Debug|Win32
		{8BC8F17F-EE5C-439C-92D4-87BDA183150A}.Demo|Win32.ActiveCfg = Demo|Win32
		{8BC8F17F-EE5C-439C-92D4-87BDA183150A}.Demo|Win32.Build.0 = Demo|Win32
		{8BC8F17F-EE5C-439C-92D4-87BDA183150A}.Demo|x64.ActiveCfg = Demo|x64
		{8BC8F17F-EE5C-439C-92D4-87BDA183150A}.Demo|x64.Build.0 = Demo|x64
		{8BC8F17F-EE5C-439C-92D4-87BDA183150A}.Driver|Any CPU.ActiveCfg = Driver|Win32
		{8BC8F17F-EE5C-439C-92D4-87BDA183150A}.Driver|Mixed Platforms.ActiveCfg = Driver|Win32
		{8BC8F17F-EE5C-439C-92D4-87BDA183150A}.Driver|Mixed Platforms.Build.0 = Driver|Win32
		{8BC8F17F-EE5C-439C-92D4-87BDA183150A}.Driver|Win32.ActiveCfg = Driver|Win32
		{8BC8F17F-EE5C-439C-92D4-87BDA183150A}.Driver|Win32.Build.0 = Driver|Win32
		{8BC8F17F-EE5C-439C-92D4-87BDA183150A}.Driver|x64.ActiveCfg = Driver|x64
		{8BC8F17F-EE5C-439C-92D4-87BDA183150A}.Driver|x64.Build.0 = Driver|x64
		{8BC8F17F-EE5C-439C-92D4-87BDA183150A}.DriverDemo|Any CPU.ActiveCfg = Driver|Win32
		{8BC8F17F-EE5C-439C-92D4-87BDA183150A}.DriverDemo|Mixed Platforms.ActiveCfg = Driver|Win32
		{8BC8F17F-EE5C-439C-92D4-87BDA183150A}.DriverDemo|Mixed Platforms.Build.0 = Driver|Win32
		{8BC8F17F-EE5C-439C-92D4-87BDA183150A}.DriverDemo|Win32.ActiveCfg = DriverDemo|Win32
		{8BC8F17F-EE5C-439C-92D4-87BDA183150A}.DriverDemo|Win32.Build.0 = DriverDemo|Win32
		{8BC8F17F-EE5C-439C-92D4-87BDA183150A}.DriverDemo|x64.ActiveCfg = DriverDemo|x64
		{8BC8F17F-EE5C-439C-92D4-87BDA183150A}.DriverDemo|x64.Build.0 = DriverDemo|x64
		{8BC8F17F-EE5C-439C-92D4-87BDA183150A}.Lite|Any CPU.ActiveCfg = Driver|Win32
		{8BC8F17F-EE5C-439C-92D4-87BDA183150A}.Lite|Mixed Platforms.ActiveCfg = Driver|Win32
		{8BC8F17F-EE5C-439C-92D4-87BDA183150A}.Lite|Mixed Platforms.Build.0 = Driver|Win32
		{8BC8F17F-EE5C-439C-92D4-87BDA183150A}.Lite|Win32.ActiveCfg = Release|Win32
		{8BC8F17F-EE5C-439C-92D4-87BDA183150A}.Lite|Win32.Build.0 = Release|Win32
		{8BC8F17F-EE5C-439C-92D4-87BDA183150A}.Lite|x64.ActiveCfg = Release|x64
		{8BC8F17F-EE5C-439C-92D4-87BDA183150A}.Lite|x64.Build.0 = Release|x64
		{8BC8F17F-EE5C-439C-92D4-87BDA183150A}.Professional|Any CPU.ActiveCfg = Driver|Win32
		{8BC8F17F-EE5C-439C-92D4-87BDA183150A}.Professional|Mixed Platforms.ActiveCfg = Driver|Win32
		{8BC8F17F-EE5C-439C-92D4-87BDA183150A}.Professional|Mixed Platforms.Build.0 = Driver|Win32
		{8BC8F17F-EE5C-439C-92D4-87BDA183150A}.Professional|Win32.ActiveCfg = Release|Win32
		{8BC8F17F-EE5C-439C-92D4-87BDA183150A}.Professional|Win32.Build.0 = Release|Win32
		{8BC8F17F-EE5C-439C-92D4-87BDA183150A}.Professional|x64.ActiveCfg = Release|x64
		{8BC8F17F-EE5C-439C-92D4-87BDA183150A}.Professional|x64.Build.0 = Release|x64
		{8BC8F17F-EE5C-439C-92D4-87BDA183150A}.Release|Any CPU.ActiveCfg = Release|Win32
		{8BC8F17F-EE5C-439C-92D4-87BDA183150A}.Release|Mixed Platforms.ActiveCfg = Release|Win32
		{8BC8F17F-EE5C-439C-92D4-87BDA183150A}.Release|Mixed Platforms.Build.0 = Release|Win32
		{8BC8F17F-EE5C-439C-92D4-87BDA183150A}.Release|Win32.ActiveCfg = Release|Win32
		{8BC8F17F-EE5C-439C-92D4-87BDA183150A}.Release|Win32.Build.0 = Release|Win32
		{8BC8F17F-EE5C-439C-92D4-87BDA183150A}.Release|x64.ActiveCfg = Release|x64
		{8BC8F17F-EE5C-439C-92D4-87BDA183150A}.Release|x64.Build.0 = Release|x64
		{8BC8F17F-EE5C-439C-92D4-87BDA183150A}.Release-static|Any CPU.ActiveCfg = DriverDemo|x64
		{8BC8F17F-EE5C-439C-92D4-87BDA183150A}.Release-static|Any CPU.Build.0 = DriverDemo|x64
		{8BC8F17F-EE5C-439C-92D4-87BDA183150A}.Release-static|Mixed Platforms.ActiveCfg = Release|Win32
		{8BC8F17F-EE5C-439C-92D4-87BDA183150A}.Release-static|Mixed Platforms.Build.0 = Release|Win32
		{8BC8F17F-EE5C-439C-92D4-87BDA183150A}.Release-static|Win32.ActiveCfg = Release|Win32
		{8BC8F17F-EE5C-439C-92D4-87BDA183150A}.Release-static|Win32.Build.0 = Release|Win32
		{8BC8F17F-EE5C-439C-92D4-87BDA183150A}.Release-static|x64.ActiveCfg = Release|x64
		{8BC8F17F-EE5C-439C-92D4-87BDA183150A}.Release-static|x64.Build.0 = Release|x64
		{8BC8F17F-EE5C-439C-92D4-87BDA183150A}.Ultimate|Any CPU.ActiveCfg = Driver|Win32
		{8BC8F17F-EE5C-439C-92D4-87BDA183150A}.Ultimate|Mixed Platforms.ActiveCfg = Release|Win32
		{8BC8F17F-EE5C-439C-92D4-87BDA183150A}.Ultimate|Mixed Platforms.Build.0 = Release|Win32
		{8BC8F17F-EE5C-439C-92D4-87BDA183150A}.Ultimate|Win32.ActiveCfg = Release|Win32
		{8BC8F17F-EE5C-439C-92D4-87BDA183150A}.Ultimate|Win32.Build.0 = Release|Win32
		{8BC8F17F-EE5C-439C-92D4-87BDA183150A}.Ultimate|x64.ActiveCfg = Release|x64
		{8BC8F17F-EE5C-439C-92D4-87BDA183150A}.Ultimate|x64.Build.0 = Release|x64
		{BF5F6D1F-48B1-4DCA-BD02-05E9C9DC5410}.Checked|Any CPU.ActiveCfg = Checked|Win32
		{BF5F6D1F-48B1-4DCA-BD02-05E9C9DC5410}.Checked|Mixed Platforms.ActiveCfg = Checked|Win32
		{BF5F6D1F-48B1-4DCA-BD02-05E9C9DC5410}.Checked|Mixed Platforms.Build.0 = Checked|Win32
		{BF5F6D1F-48B1-4DCA-BD02-05E9C9DC5410}.Checked|Win32.ActiveCfg = Checked|Win32
		{BF5F6D1F-48B1-4DCA-BD02-05E9C9DC5410}.Checked|Win32.Build.0 = Checked|Win32
		{BF5F6D1F-48B1-4DCA-BD02-05E9C9DC5410}.Checked|x64.ActiveCfg = Checked|x64
		{BF5F6D1F-48B1-4DCA-BD02-05E9C9DC5410}.Checked|x64.Build.0 = Checked|x64
		{BF5F6D1F-48B1-4DCA-BD02-05E9C9DC5410}.Debug|Any CPU.ActiveCfg = Debug|Win32
		{BF5F6D1F-48B1-4DCA-BD02-05E9C9DC5410}.Debug|Mixed Platforms.ActiveCfg = Debug|x64
		{BF5F6D1F-48B1-4DCA-BD02-05E9C9DC5410}.Debug|Mixed Platforms.Build.0 = Debug|x64
		{BF5F6D1F-48B1-4DCA-BD02-05E9C9DC5410}.Debug|Win32.ActiveCfg = Debug|Win32
		{BF5F6D1F-48B1-4DCA-BD02-05E9C9DC5410}.Debug|Win32.Build.0 = Debug|Win32
		{BF5F6D1F-48B1-4DCA-BD02-05E9C9DC5410}.Debug|x64.ActiveCfg = Debug|x64
		{BF5F6D1F-48B1-4DCA-BD02-05E9C9DC5410}.Debug|x64.Build.0 = Debug|x64
		{BF5F6D1F-48B1-4DCA-BD02-05E9C9DC5410}.Debug-static|Any CPU.ActiveCfg = Ultimate|x64
		{BF5F6D1F-48B1-4DCA-BD02-05E9C9DC5410}.Debug-static|Any CPU.Build.0 = Ultimate|x64
		{BF5F6D1F-48B1-4DCA-BD02-05E9C9DC5410}.Debug-static|Mixed Platforms.ActiveCfg = Debug|Win32
		{BF5F6D1F-48B1-4DCA-BD02-05E9C9DC5410}.Debug-static|Mixed Platforms.Build.0 = Debug|Win32
		{BF5F6D1F-48B1-4DCA-BD02-05E9C9DC5410}.Debug-static|Win32.ActiveCfg = Debug|Win32
		{BF5F6D1F-48B1-4DCA-BD02-05E9C9DC5410}.Debug-static|Win32.Build.0 = Debug|Win32
		{BF5F6D1F-48B1-4DCA-BD02-05E9C9DC5410}.Debug-static|x64.ActiveCfg = Debug|x64
		{BF5F6D1F-48B1-4DCA-BD02-05E9C9DC5410}.Debug-static|x64.Build.0 = Debug|x64
		{BF5F6D1F-48B1-4DCA-BD02-05E9C9DC5410}.Demo|Any CPU.ActiveCfg = Demo|Win32
		{BF5F6D1F-48B1-4DCA-BD02-05E9C9DC5410}.Demo|Mixed Platforms.ActiveCfg = Demo|Win32
		{BF5F6D1F-48B1-4DCA-BD02-05E9C9DC5410}.Demo|Mixed Platforms.Build.0 = Demo|Win32
		{BF5F6D1F-48B1-4DCA-BD02-05E9C9DC5410}.Demo|Win32.ActiveCfg = Demo|Win32
		{BF5F6D1F-48B1-4DCA-BD02-05E9C9DC5410}.Demo|Win32.Build.0 = Demo|Win32
		{BF5F6D1F-48B1-4DCA-BD02-05E9C9DC5410}.Demo|x64.ActiveCfg = Demo|x64
		{BF5F6D1F-48B1-4DCA-BD02-05E9C9DC5410}.Demo|x64.Build.0 = Demo|x64
		{BF5F6D1F-48B1-4DCA-BD02-05E9C9DC5410}.Driver|Any CPU.ActiveCfg = Demo|Win32
		{BF5F6D1F-48B1-4DCA-BD02-05E9C9DC5410}.Driver|Mixed Platforms.ActiveCfg = Demo|Win32
		{BF5F6D1F-48B1-4DCA-BD02-05E9C9DC5410}.Driver|Mixed Platforms.Build.0 = Demo|Win32
		{BF5F6D1F-48B1-4DCA-BD02-05E9C9DC5410}.Driver|Win32.ActiveCfg = Professional|Win32
		{BF5F6D1F-48B1-4DCA-BD02-05E9C9DC5410}.Driver|x64.ActiveCfg = Professional|x64
		{BF5F6D1F-48B1-4DCA-BD02-05E9C9DC5410}.DriverDemo|Any CPU.ActiveCfg = Demo|Win32
		{BF5F6D1F-48B1-4DCA-BD02-05E9C9DC5410}.DriverDemo|Mixed Platforms.ActiveCfg = Demo|Win32
		{BF5F6D1F-48B1-4DCA-BD02-05E9C9DC5410}.DriverDemo|Mixed Platforms.Build.0 = Demo|Win32
		{BF5F6D1F-48B1-4DCA-BD02-05E9C9DC5410}.DriverDemo|Win32.ActiveCfg = Professional|Win32
		{BF5F6D1F-48B1-4DCA-BD02-05E9C9DC5410}.DriverDemo|x64.ActiveCfg = Professional|x64
		{BF5F6D1F-48B1-4DCA-BD02-05E9C9DC5410}.Lite|Any CPU.ActiveCfg = Ultimate|Win32
		{BF5F6D1F-48B1-4DCA-BD02-05E9C9DC5410}.Lite|Mixed Platforms.ActiveCfg = Ultimate|Win32
		{BF5F6D1F-48B1-4DCA-BD02-05E9C9DC5410}.Lite|Mixed Platforms.Build.0 = Ultimate|Win32
		{BF5F6D1F-48B1-4DCA-BD02-05E9C9DC5410}.Lite|Win32.ActiveCfg = Professional|Win32
		{BF5F6D1F-48B1-4DCA-BD02-05E9C9DC5410}.Lite|x64.ActiveCfg = Professional|x64
		{BF5F6D1F-48B1-4DCA-BD02-05E9C9DC5410}.Professional|Any CPU.ActiveCfg = Professional|Win32
		{BF5F6D1F-48B1-4DCA-BD02-05E9C9DC5410}.Professional|Mixed Platforms.ActiveCfg = Professional|Win32
		{BF5F6D1F-48B1-4DCA-BD02-05E9C9DC5410}.Professional|Mixed Platforms.Build.0 = Professional|Win32
		{BF5F6D1F-48B1-4DCA-BD02-05E9C9DC5410}.Professional|Win32.ActiveCfg = Professional|Win32
		{BF5F6D1F-48B1-4DCA-BD02-05E9C9DC5410}.Professional|Win32.Build.0 = Professional|Win32
		{BF5F6D1F-48B1-4DCA-BD02-05E9C9DC5410}.Professional|x64.ActiveCfg = Professional|x64
		{BF5F6D1F-48B1-4DCA-BD02-05E9C9DC5410}.Professional|x64.Build.0 = Professional|x64
		{BF5F6D1F-48B1-4DCA-BD02-05E9C9DC5410}.Release|Any CPU.ActiveCfg = Ultimate|Win32
		{BF5F6D1F-48B1-4DCA-BD02-05E9C9DC5410}.Release|Mixed Platforms.ActiveCfg = Ultimate|Win32
		{BF5F6D1F-48B1-4DCA-BD02-05E9C9DC5410}.Release|Mixed Platforms.Build.0 = Ultimate|Win32
		{BF5F6D1F-48B1-4DCA-BD02-05E9C9DC5410}.Release|Win32.ActiveCfg = Ultimate|Win32
		{BF5F6D1F-48B1-4DCA-BD02-05E9C9DC5410}.Release|x64.ActiveCfg = Ultimate|x64
		{BF5F6D1F-48B1-4DCA-BD02-05E9C9DC5410}.Release-static|Any CPU.ActiveCfg = Ultimate|x64
		{BF5F6D1F-48B1-4DCA-BD02-05E9C9DC5410}.Release-static|Any CPU.Build.0 = Ultimate|x64
		{BF5F6D1F-48B1-4DCA-BD02-05E9C9DC5410}.Release-static|Mixed Platforms.ActiveCfg = Ultimate|Win32
		{BF5F6D1F-48B1-4DCA-BD02-05E9C9DC5410}.Release-static|Mixed Platforms.Build.0 = Ultimate|Win32
		{BF5F6D1F-48B1-4DCA-BD02-05E9C9DC5410}.Release-static|Win32.ActiveCfg = Ultimate|Win32
		{BF5F6D1F-48B1-4DCA-BD02-05E9C9DC5410}.Release-static|Win32.Build.0 = Ultimate|Win32
		{BF5F6D1F-48B1-4DCA-BD02-05E9C9DC5410}.Release-static|x64.ActiveCfg = Ultimate|x64
		{BF5F6D1F-48B1-4DCA-BD02-05E9C9DC5410}.Release-static|x64.Build.0 = Ultimate|x64
		{BF5F6D1F-48B1-4DCA-BD02-05E9C9DC5410}.Ultimate|Any CPU.ActiveCfg = Ultimate|Win32
		{BF5F6D1F-48B1-4DCA-BD02-05E9C9DC5410}.Ultimate|Mixed Platforms.ActiveCfg = Ultimate|Win32
		{BF5F6D1F-48B1-4DCA-BD02-05E9C9DC5410}.Ultimate|Mixed Platforms.Build.0 = Ultimate|Win32
		{BF5F6D1F-48B1-4DCA-BD02-05E9C9DC5410}.Ultimate|Win32.ActiveCfg = Ultimate|Win32
		{BF5F6D1F-48B1-4DCA-BD02-05E9C9DC5410}.Ultimate|Win32.Build.0 = Ultimate|Win32
		{BF5F6D1F-48B1-4DCA-BD02-05E9C9DC5410}.Ultimate|x64.ActiveCfg = Ultimate|x64
		{BF5F6D1F-48B1-4DCA-BD02-05E9C9DC5410}.Ultimate|x64.Build.0 = Ultimate|x64
		{7E81296C-F378-4111-8499-D38B8636CC3C}.Checked|Any CPU.ActiveCfg = Checked|Win32
		{7E81296C-F378-4111-8499-D38B8636CC3C}.Checked|Mixed Platforms.ActiveCfg = Checked|Win32
		{7E81296C-F378-4111-8499-D38B8636CC3C}.Checked|Mixed Platforms.Build.0 = Checked|Win32
		{7E81296C-F378-4111-8499-D38B8636CC3C}.Checked|Win32.ActiveCfg = Checked|Win32
		{7E81296C-F378-4111-8499-D38B8636CC3C}.Checked|Win32.Build.0 = Checked|Win32
		{7E81296C-F378-4111-8499-D38B8636CC3C}.Checked|x64.ActiveCfg = Checked|x64
		{7E81296C-F378-4111-8499-D38B8636CC3C}.Checked|x64.Build.0 = Checked|x64
		{7E81296C-F378-4111-8499-D38B8636CC3C}.Debug|Any CPU.ActiveCfg = Debug|Win32
		{7E81296C-F378-4111-8499-D38B8636CC3C}.Debug|Mixed Platforms.ActiveCfg = Debug|Win32
		{7E81296C-F378-4111-8499-D38B8636CC3C}.Debug|Mixed Platforms.Build.0 = Debug|Win32
		{7E81296C-F378-4111-8499-D38B8636CC3C}.Debug|Win32.ActiveCfg = Debug|Win32
		{7E81296C-F378-4111-8499-D38B8636CC3C}.Debug|Win32.Build.0 = Debug|Win32
		{7E81296C-F378-4111-8499-D38B8636CC3C}.Debug|x64.ActiveCfg = Debug|x64
		{7E81296C-F378-4111-8499-D38B8636CC3C}.Debug|x64.Build.0 = Debug|x64
		{7E81296C-F378-4111-8499-D38B8636CC3C}.Debug-static|Any CPU.ActiveCfg = Ultimate|x64
		{7E81296C-F378-4111-8499-D38B8636CC3C}.Debug-static|Any CPU.Build.0 = Ultimate|x64
		{7E81296C-F378-4111-8499-D38B8636CC3C}.Debug-static|Mixed Platforms.ActiveCfg = Debug|Win32
		{7E81296C-F378-4111-8499-D38B8636CC3C}.Debug-static|Mixed Platforms.Build.0 = Debug|Win32
		{7E81296C-F378-4111-8499-D38B8636CC3C}.Debug-static|Win32.ActiveCfg = Debug|Win32
		{7E81296C-F378-4111-8499-D38B8636CC3C}.Debug-static|Win32.Build.0 = Debug|Win32
		{7E81296C-F378-4111-8499-D38B8636CC3C}.Debug-static|x64.ActiveCfg = Debug|x64
		{7E81296C-F378-4111-8499-D38B8636CC3C}.Debug-static|x64.Build.0 = Debug|x64
		{7E81296C-F378-4111-8499-D38B8636CC3C}.Demo|Any CPU.ActiveCfg = Demo|Win32
		{7E81296C-F378-4111-8499-D38B8636CC3C}.Demo|Mixed Platforms.ActiveCfg = Demo|Win32
		{7E81296C-F378-4111-8499-D38B8636CC3C}.Demo|Mixed Platforms.Build.0 = Demo|Win32
		{7E81296C-F378-4111-8499-D38B8636CC3C}.Demo|Win32.ActiveCfg = Demo|Win32
		{7E81296C-F378-4111-8499-D38B8636CC3C}.Demo|Win32.Build.0 = Demo|Win32
		{7E81296C-F378-4111-8499-D38B8636CC3C}.Demo|x64.ActiveCfg = Demo|x64
		{7E81296C-F378-4111-8499-D38B8636CC3C}.Demo|x64.Build.0 = Demo|x64
		{7E81296C-F378-4111-8499-D38B8636CC3C}.Driver|Any CPU.ActiveCfg = Demo|Win32
		{7E81296C-F378-4111-8499-D38B8636CC3C}.Driver|Mixed Platforms.ActiveCfg = Demo|Win32
		{7E81296C-F378-4111-8499-D38B8636CC3C}.Driver|Mixed Platforms.Build.0 = Demo|Win32
		{7E81296C-F378-4111-8499-D38B8636CC3C}.Driver|Win32.ActiveCfg = Professional|Win32
		{7E81296C-F378-4111-8499-D38B8636CC3C}.Driver|x64.ActiveCfg = Professional|Win32
		{7E81296C-F378-4111-8499-D38B8636CC3C}.DriverDemo|Any CPU.ActiveCfg = Demo|Win32
		{7E81296C-F378-4111-8499-D38B8636CC3C}.DriverDemo|Mixed Platforms.ActiveCfg = Demo|Win32
		{7E81296C-F378-4111-8499-D38B8636CC3C}.DriverDemo|Mixed Platforms.Build.0 = Demo|Win32
		{7E81296C-F378-4111-8499-D38B8636CC3C}.DriverDemo|Win32.ActiveCfg = Professional|Win32
		{7E81296C-F378-4111-8499-D38B8636CC3C}.DriverDemo|x64.ActiveCfg = Professional|Win32
		{7E81296C-F378-4111-8499-D38B8636CC3C}.Lite|Any CPU.ActiveCfg = Lite|Win32
		{7E81296C-F378-4111-8499-D38B8636CC3C}.Lite|Mixed Platforms.ActiveCfg = Lite|Win32
		{7E81296C-F378-4111-8499-D38B8636CC3C}.Lite|Mixed Platforms.Build.0 = Lite|Win32
		{7E81296C-F378-4111-8499-D38B8636CC3C}.Lite|Win32.ActiveCfg = Lite|Win32
		{7E81296C-F378-4111-8499-D38B8636CC3C}.Lite|Win32.Build.0 = Lite|Win32
		{7E81296C-F378-4111-8499-D38B8636CC3C}.Lite|x64.ActiveCfg = Lite|x64
		{7E81296C-F378-4111-8499-D38B8636CC3C}.Lite|x64.Build.0 = Lite|x64
		{7E81296C-F378-4111-8499-D38B8636CC3C}.Professional|Any CPU.ActiveCfg = Professional|Win32
		{7E81296C-F378-4111-8499-D38B8636CC3C}.Professional|Mixed Platforms.ActiveCfg = Professional|Win32
		{7E81296C-F378-4111-8499-D38B8636CC3C}.Professional|Mixed Platforms.Build.0 = Professional|Win32
		{7E81296C-F378-4111-8499-D38B8636CC3C}.Professional|Win32.ActiveCfg = Professional|Win32
		{7E81296C-F378-4111-8499-D38B8636CC3C}.Professional|Win32.Build.0 = Professional|Win32
		{7E81296C-F378-4111-8499-D38B8636CC3C}.Professional|x64.ActiveCfg = Professional|x64
		{7E81296C-F378-4111-8499-D38B8636CC3C}.Professional|x64.Build.0 = Professional|x64
		{7E81296C-F378-4111-8499-D38B8636CC3C}.Release|Any CPU.ActiveCfg = Ultimate|Win32
		{7E81296C-F378-4111-8499-D38B8636CC3C}.Release|Mixed Platforms.ActiveCfg = Ultimate|Win32
		{7E81296C-F378-4111-8499-D38B8636CC3C}.Release|Mixed Platforms.Build.0 = Ultimate|Win32
		{7E81296C-F378-4111-8499-D38B8636CC3C}.Release|Win32.ActiveCfg = Ultimate|Win32
		{7E81296C-F378-4111-8499-D38B8636CC3C}.Release|x64.ActiveCfg = Ultimate|Win32
		{7E81296C-F378-4111-8499-D38B8636CC3C}.Release-static|Any CPU.ActiveCfg = Ultimate|x64
		{7E81296C-F378-4111-8499-D38B8636CC3C}.Release-static|Any CPU.Build.0 = Ultimate|x64
		{7E81296C-F378-4111-8499-D38B8636CC3C}.Release-static|Mixed Platforms.ActiveCfg = Ultimate|Win32
		{7E81296C-F378-4111-8499-D38B8636CC3C}.Release-static|Mixed Platforms.Build.0 = Ultimate|Win32
		{7E81296C-F378-4111-8499-D38B8636CC3C}.Release-static|Win32.ActiveCfg = Ultimate|Win32
		{7E81296C-F378-4111-8499-D38B8636CC3C}.Release-static|Win32.Build.0 = Ultimate|Win32
		{7E81296C-F378-4111-8499-D38B8636CC3C}.Release-static|x64.ActiveCfg = Ultimate|x64
		{7E81296C-F378-4111-8499-D38B8636CC3C}.Release-static|x64.Build.0 = Ultimate|x64
		{7E81296C-F378-4111-8499-D38B8636CC3C}.Ultimate|Any CPU.ActiveCfg = Ultimate|Win32
		{7E81296C-F378-4111-8499-D38B8636CC3C}.Ultimate|Mixed Platforms.ActiveCfg = Ultimate|Win32
		{7E81296C-F378-4111-8499-D38B8636CC3C}.Ultimate|Mixed Platforms.Build.0 = Ultimate|Win32
		{7E81296C-F378-4111-8499-D38B8636CC3C}.Ultimate|Win32.ActiveCfg = Ultimate|Win32
		{7E81296C-F378-4111-8499-D38B8636CC3C}.Ultimate|Win32.Build.0 = Ultimate|Win32
		{7E81296C-F378-4111-8499-D38B8636CC3C}.Ultimate|x64.ActiveCfg = Ultimate|x64
		{7E81296C-F378-4111-8499-D38B8636CC3C}.Ultimate|x64.Build.0 = Ultimate|x64
		{F3B5035B-34E5-4A8A-9B2B-485C3C79B67A}.Checked|Any CPU.ActiveCfg = Debug|Win32
		{F3B5035B-34E5-4A8A-9B2B-485C3C79B67A}.Checked|Mixed Platforms.ActiveCfg = Release|Win32
		{F3B5035B-34E5-4A8A-9B2B-485C3C79B67A}.Checked|Mixed Platforms.Build.0 = Release|Win32
		{F3B5035B-34E5-4A8A-9B2B-485C3C79B67A}.Checked|Win32.ActiveCfg = Release|Win32
		{F3B5035B-34E5-4A8A-9B2B-485C3C79B67A}.Checked|Win32.Build.0 = Release|Win32
		{F3B5035B-34E5-4A8A-9B2B-485C3C79B67A}.Checked|x64.ActiveCfg = Release|x64
		{F3B5035B-34E5-4A8A-9B2B-485C3C79B67A}.Checked|x64.Build.0 = Release|x64
		{F3B5035B-34E5-4A8A-9B2B-485C3C79B67A}.Debug|Any CPU.ActiveCfg = Debug|Win32
		{F3B5035B-34E5-4A8A-9B2B-485C3C79B67A}.Debug|Mixed Platforms.ActiveCfg = Debug|Win32
		{F3B5035B-34E5-4A8A-9B2B-485C3C79B67A}.Debug|Mixed Platforms.Build.0 = Debug|Win32
		{F3B5035B-34E5-4A8A-9B2B-485C3C79B67A}.Debug|Win32.ActiveCfg = Debug|Win32
		{F3B5035B-34E5-4A8A-9B2B-485C3C79B67A}.Debug|Win32.Build.0 = Debug|Win32
		{F3B5035B-34E5-4A8A-9B2B-485C3C79B67A}.Debug|x64.ActiveCfg = Debug|x64
		{F3B5035B-34E5-4A8A-9B2B-485C3C79B67A}.Debug|x64.Build.0 = Debug|x64
		{F3B5035B-34E5-4A8A-9B2B-485C3C79B67A}.Debug-static|Any CPU.ActiveCfg = Driver|x64
		{F3B5035B-34E5-4A8A-9B2B-485C3C79B67A}.Debug-static|Any CPU.Build.0 = Driver|x64
		{F3B5035B-34E5-4A8A-9B2B-485C3C79B67A}.Debug-static|Mixed Platforms.ActiveCfg = Debug|Win32
		{F3B5035B-34E5-4A8A-9B2B-485C3C79B67A}.Debug-static|Mixed Platforms.Build.0 = Debug|Win32
		{F3B5035B-34E5-4A8A-9B2B-485C3C79B67A}.Debug-static|Win32.ActiveCfg = Debug|Win32
		{F3B5035B-34E5-4A8A-9B2B-485C3C79B67A}.Debug-static|Win32.Build.0 = Debug|Win32
		{F3B5035B-34E5-4A8A-9B2B-485C3C79B67A}.Debug-static|x64.ActiveCfg = Debug|x64
		{F3B5035B-34E5-4A8A-9B2B-485C3C79B67A}.Debug-static|x64.Build.0 = Debug|x64
		{F3B5035B-34E5-4A8A-9B2B-485C3C79B67A}.Demo|Any CPU.ActiveCfg = Debug|Win32
		{F3B5035B-34E5-4A8A-9B2B-485C3C79B67A}.Demo|Mixed Platforms.ActiveCfg = Debug|Win32
		{F3B5035B-34E5-4A8A-9B2B-485C3C79B67A}.Demo|Mixed Platforms.Build.0 = Debug|Win32
		{F3B5035B-34E5-4A8A-9B2B-485C3C79B67A}.Demo|Win32.ActiveCfg = Release|Win32
		{F3B5035B-34E5-4A8A-9B2B-485C3C79B67A}.Demo|Win32.Build.0 = Release|Win32
		{F3B5035B-34E5-4A8A-9B2B-485C3C79B67A}.Demo|x64.ActiveCfg = Release|x64
		{F3B5035B-34E5-4A8A-9B2B-485C3C79B67A}.Demo|x64.Build.0 = Release|x64
		{F3B5035B-34E5-4A8A-9B2B-485C3C79B67A}.Driver|Any CPU.ActiveCfg = Driver|Win32
		{F3B5035B-34E5-4A8A-9B2B-485C3C79B67A}.Driver|Mixed Platforms.ActiveCfg = Driver|Win32
		{F3B5035B-34E5-4A8A-9B2B-485C3C79B67A}.Driver|Mixed Platforms.Build.0 = Driver|Win32
		{F3B5035B-34E5-4A8A-9B2B-485C3C79B67A}.Driver|Win32.ActiveCfg = Driver|Win32
		{F3B5035B-34E5-4A8A-9B2B-485C3C79B67A}.Driver|Win32.Build.0 = Driver|Win32
		{F3B5035B-34E5-4A8A-9B2B-485C3C79B67A}.Driver|x64.ActiveCfg = Driver|x64
		{F3B5035B-34E5-4A8A-9B2B-485C3C79B67A}.Driver|x64.Build.0 = Driver|x64
		{F3B5035B-34E5-4A8A-9B2B-485C3C79B67A}.DriverDemo|Any CPU.ActiveCfg = Driver|Win32
		{F3B5035B-34E5-4A8A-9B2B-485C3C79B67A}.DriverDemo|Mixed Platforms.ActiveCfg = Driver|Win32
		{F3B5035B-34E5-4A8A-9B2B-485C3C79B67A}.DriverDemo|Mixed Platforms.Build.0 = Driver|Win32
		{F3B5035B-34E5-4A8A-9B2B-485C3C79B67A}.DriverDemo|Win32.ActiveCfg = Driver|Win32
		{F3B5035B-34E5-4A8A-9B2B-485C3C79B67A}.DriverDemo|x64.ActiveCfg = Driver|x64
		{F3B5035B-34E5-4A8A-9B2B-485C3C79B67A}.Lite|Any CPU.ActiveCfg = Driver|Win32
		{F3B5035B-34E5-4A8A-9B2B-485C3C79B67A}.Lite|Mixed Platforms.ActiveCfg = Driver|Win32
		{F3B5035B-34E5-4A8A-9B2B-485C3C79B67A}.Lite|Mixed Platforms.Build.0 = Driver|Win32
		{F3B5035B-34E5-4A8A-9B2B-485C3C79B67A}.Lite|Win32.ActiveCfg = Release|Win32
		{F3B5035B-34E5-4A8A-9B2B-485C3C79B67A}.Lite|Win32.Build.0 = Release|Win32
		{F3B5035B-34E5-4A8A-9B2B-485C3C79B67A}.Lite|x64.ActiveCfg = Release|x64
		{F3B5035B-34E5-4A8A-9B2B-485C3C79B67A}.Lite|x64.Build.0 = Release|x64
		{F3B5035B-34E5-4A8A-9B2B-485C3C79B67A}.Professional|Any CPU.ActiveCfg = Driver|Win32
		{F3B5035B-34E5-4A8A-9B2B-485C3C79B67A}.Professional|Mixed Platforms.ActiveCfg = Driver|Win32
		{F3B5035B-34E5-4A8A-9B2B-485C3C79B67A}.Professional|Mixed Platforms.Build.0 = Driver|Win32
		{F3B5035B-34E5-4A8A-9B2B-485C3C79B67A}.Professional|Win32.ActiveCfg = Release|Win32
		{F3B5035B-34E5-4A8A-9B2B-485C3C79B67A}.Professional|Win32.Build.0 = Release|Win32
		{F3B5035B-34E5-4A8A-9B2B-485C3C79B67A}.Professional|x64.ActiveCfg = Release|x64
		{F3B5035B-34E5-4A8A-9B2B-485C3C79B67A}.Professional|x64.Build.0 = Release|x64
		{F3B5035B-34E5-4A8A-9B2B-485C3C79B67A}.Release|Any CPU.ActiveCfg = Release|Win32
		{F3B5035B-34E5-4A8A-9B2B-485C3C79B67A}.Release|Mixed Platforms.ActiveCfg = Release|Win32
		{F3B5035B-34E5-4A8A-9B2B-485C3C79B67A}.Release|Mixed Platforms.Build.0 = Release|Win32
		{F3B5035B-34E5-4A8A-9B2B-485C3C79B67A}.Release|Win32.ActiveCfg = Release|Win32
		{F3B5035B-34E5-4A8A-9B2B-485C3C79B67A}.Release|Win32.Build.0 = Release|Win32
		{F3B5035B-34E5-4A8A-9B2B-485C3C79B67A}.Release|x64.ActiveCfg = Release|x64
		{F3B5035B-34E5-4A8A-9B2B-485C3C79B67A}.Release|x64.Build.0 = Release|x64
		{F3B5035B-34E5-4A8A-9B2B-485C3C79B67A}.Release-static|Any CPU.ActiveCfg = Driver|x64
		{F3B5035B-34E5-4A8A-9B2B-485C3C79B67A}.Release-static|Any CPU.Build.0 = Driver|x64
		{F3B5035B-34E5-4A8A-9B2B-485C3C79B67A}.Release-static|Mixed Platforms.ActiveCfg = Release|Win32
		{F3B5035B-34E5-4A8A-9B2B-485C3C79B67A}.Release-static|Mixed Platforms.Build.0 = Release|Win32
		{F3B5035B-34E5-4A8A-9B2B-485C3C79B67A}.Release-static|Win32.ActiveCfg = Release|Win32
		{F3B5035B-34E5-4A8A-9B2B-485C3C79B67A}.Release-static|Win32.Build.0 = Release|Win32
		{F3B5035B-34E5-4A8A-9B2B-485C3C79B67A}.Release-static|x64.ActiveCfg = Release|x64
		{F3B5035B-34E5-4A8A-9B2B-485C3C79B67A}.Release-static|x64.Build.0 = Release|x64
		{F3B5035B-34E5-4A8A-9B2B-485C3C79B67A}.Ultimate|Any CPU.ActiveCfg = Driver|Win32
		{F3B5035B-34E5-4A8A-9B2B-485C3C79B67A}.Ultimate|Mixed Platforms.ActiveCfg = Release|Win32
		{F3B5035B-34E5-4A8A-9B2B-485C3C79B67A}.Ultimate|Mixed Platforms.Build.0 = Release|Win32
		{F3B5035B-34E5-4A8A-9B2B-485C3C79B67A}.Ultimate|Win32.ActiveCfg = Release|Win32
		{F3B5035B-34E5-4A8A-9B2B-485C3C79B67A}.Ultimate|Win32.Build.0 = Release|Win32
		{F3B5035B-34E5-4A8A-9B2B-485C3C79B67A}.Ultimate|x64.ActiveCfg = Release|x64
		{F3B5035B-34E5-4A8A-9B2B-485C3C79B67A}.Ultimate|x64.Build.0 = Release|x64
		{5D47B8B7-16AE-4490-A028-EF0AC74083CC}.Checked|Any CPU.ActiveCfg = Debug|Win32
		{5D47B8B7-16AE-4490-A028-EF0AC74083CC}.Checked|Mixed Platforms.ActiveCfg = Release|Win32
		{5D47B8B7-16AE-4490-A028-EF0AC74083CC}.Checked|Mixed Platforms.Build.0 = Release|Win32
		{5D47B8B7-16AE-4490-A028-EF0AC74083CC}.Checked|Win32.ActiveCfg = Release|Win32
		{5D47B8B7-16AE-4490-A028-EF0AC74083CC}.Checked|Win32.Build.0 = Release|Win32
		{5D47B8B7-16AE-4490-A028-EF0AC74083CC}.Checked|x64.ActiveCfg = Release|x64
		{5D47B8B7-16AE-4490-A028-EF0AC74083CC}.Checked|x64.Build.0 = Release|x64
		{5D47B8B7-16AE-4490-A028-EF0AC74083CC}.Debug|Any CPU.ActiveCfg = Debug|Win32
		{5D47B8B7-16AE-4490-A028-EF0AC74083CC}.Debug|Mixed Platforms.ActiveCfg = Debug|x64
		{5D47B8B7-16AE-4490-A028-EF0AC74083CC}.Debug|Mixed Platforms.Build.0 = Debug|x64
		{5D47B8B7-16AE-4490-A028-EF0AC74083CC}.Debug|Win32.ActiveCfg = Debug|Win32
		{5D47B8B7-16AE-4490-A028-EF0AC74083CC}.Debug|Win32.Build.0 = Debug|Win32
		{5D47B8B7-16AE-4490-A028-EF0AC74083CC}.Debug|x64.ActiveCfg = Debug|x64
		{5D47B8B7-16AE-4490-A028-EF0AC74083CC}.Debug|x64.Build.0 = Debug|x64
		{5D47B8B7-16AE-4490-A028-EF0AC74083CC}.Debug-static|Any CPU.ActiveCfg = Debug|x64
		{5D47B8B7-16AE-4490-A028-EF0AC74083CC}.Debug-static|Any CPU.Build.0 = Debug|x64
		{5D47B8B7-16AE-4490-A028-EF0AC74083CC}.Debug-static|Mixed Platforms.ActiveCfg = Debug|Win32
		{5D47B8B7-16AE-4490-A028-EF0AC74083CC}.Debug-static|Mixed Platforms.Build.0 = Debug|Win32
		{5D47B8B7-16AE-4490-A028-EF0AC74083CC}.Debug-static|Win32.ActiveCfg = Debug|Win32
		{5D47B8B7-16AE-4490-A028-EF0AC74083CC}.Debug-static|Win32.Build.0 = Debug|Win32
		{5D47B8B7-16AE-4490-A028-EF0AC74083CC}.Debug-static|x64.ActiveCfg = Debug|x64
		{5D47B8B7-16AE-4490-A028-EF0AC74083CC}.Debug-static|x64.Build.0 = Debug|x64
		{5D47B8B7-16AE-4490-A028-EF0AC74083CC}.Demo|Any CPU.ActiveCfg = Debug|Win32
		{5D47B8B7-16AE-4490-A028-EF0AC74083CC}.Demo|Mixed Platforms.ActiveCfg = Debug|Win32
		{5D47B8B7-16AE-4490-A028-EF0AC74083CC}.Demo|Mixed Platforms.Build.0 = Debug|Win32
		{5D47B8B7-16AE-4490-A028-EF0AC74083CC}.Demo|Win32.ActiveCfg = Release|Win32
		{5D47B8B7-16AE-4490-A028-EF0AC74083CC}.Demo|Win32.Build.0 = Release|Win32
		{5D47B8B7-16AE-4490-A028-EF0AC74083CC}.Demo|x64.ActiveCfg = Release|x64
		{5D47B8B7-16AE-4490-A028-EF0AC74083CC}.Demo|x64.Build.0 = Release|x64
		{5D47B8B7-16AE-4490-A028-EF0AC74083CC}.Driver|Any CPU.ActiveCfg = Debug|Win32
		{5D47B8B7-16AE-4490-A028-EF0AC74083CC}.Driver|Mixed Platforms.ActiveCfg = Debug|Win32
		{5D47B8B7-16AE-4490-A028-EF0AC74083CC}.Driver|Mixed Platforms.Build.0 = Debug|Win32
		{5D47B8B7-16AE-4490-A028-EF0AC74083CC}.Driver|Win32.ActiveCfg = Release|Win32
		{5D47B8B7-16AE-4490-A028-EF0AC74083CC}.Driver|Win32.Build.0 = Release|Win32
		{5D47B8B7-16AE-4490-A028-EF0AC74083CC}.Driver|x64.ActiveCfg = Release|x64
		{5D47B8B7-16AE-4490-A028-EF0AC74083CC}.Driver|x64.Build.0 = Release|x64
		{5D47B8B7-16AE-4490-A028-EF0AC74083CC}.DriverDemo|Any CPU.ActiveCfg = Debug|Win32
		{5D47B8B7-16AE-4490-A028-EF0AC74083CC}.DriverDemo|Mixed Platforms.ActiveCfg = Debug|Win32
		{5D47B8B7-16AE-4490-A028-EF0AC74083CC}.DriverDemo|Mixed Platforms.Build.0 = Debug|Win32
		{5D47B8B7-16AE-4490-A028-EF0AC74083CC}.DriverDemo|Win32.ActiveCfg = Release|Win32
		{5D47B8B7-16AE-4490-A028-EF0AC74083CC}.DriverDemo|x64.ActiveCfg = Release|x64
		{5D47B8B7-16AE-4490-A028-EF0AC74083CC}.Lite|Any CPU.ActiveCfg = Release|Win32
		{5D47B8B7-16AE-4490-A028-EF0AC74083CC}.Lite|Mixed Platforms.ActiveCfg = Release|Win32
		{5D47B8B7-16AE-4490-A028-EF0AC74083CC}.Lite|Mixed Platforms.Build.0 = Release|Win32
		{5D47B8B7-16AE-4490-A028-EF0AC74083CC}.Lite|Win32.ActiveCfg = Release|Win32
		{5D47B8B7-16AE-4490-A028-EF0AC74083CC}.Lite|Win32.Build.0 = Release|Win32
		{5D47B8B7-16AE-4490-A028-EF0AC74083CC}.Lite|x64.ActiveCfg = Release|x64
		{5D47B8B7-16AE-4490-A028-EF0AC74083CC}.Lite|x64.Build.0 = Release|x64
		{5D47B8B7-16AE-4490-A028-EF0AC74083CC}.Professional|Any CPU.ActiveCfg = Release|Win32
		{5D47B8B7-16AE-4490-A028-EF0AC74083CC}.Professional|Mixed Platforms.ActiveCfg = Release|Win32
		{5D47B8B7-16AE-4490-A028-EF0AC74083CC}.Professional|Mixed Platforms.Build.0 = Release|Win32
		{5D47B8B7-16AE-4490-A028-EF0AC74083CC}.Professional|Win32.ActiveCfg = Release|Win32
		{5D47B8B7-16AE-4490-A028-EF0AC74083CC}.Professional|Win32.Build.0 = Release|Win32
		{5D47B8B7-16AE-4490-A028-EF0AC74083CC}.Professional|x64.ActiveCfg = Release|x64
		{5D47B8B7-16AE-4490-A028-EF0AC74083CC}.Professional|x64.Build.0 = Release|x64
		{5D47B8B7-16AE-4490-A028-EF0AC74083CC}.Release|Any CPU.ActiveCfg = Release|Win32
		{5D47B8B7-16AE-4490-A028-EF0AC74083CC}.Release|Mixed Platforms.ActiveCfg = Release|Win32
		{5D47B8B7-16AE-4490-A028-EF0AC74083CC}.Release|Mixed Platforms.Build.0 = Release|Win32
		{5D47B8B7-16AE-4490-A028-EF0AC74083CC}.Release|Win32.ActiveCfg = Release|Win32
		{5D47B8B7-16AE-4490-A028-EF0AC74083CC}.Release|Win32.Build.0 = Release|Win32
		{5D47B8B7-16AE-4490-A028-EF0AC74083CC}.Release|x64.ActiveCfg = Release|x64
		{5D47B8B7-16AE-4490-A028-EF0AC74083CC}.Release|x64.Build.0 = Release|x64
		{5D47B8B7-16AE-4490-A028-EF0AC74083CC}.Release-static|Any CPU.ActiveCfg = Debug|x64
		{5D47B8B7-16AE-4490-A028-EF0AC74083CC}.Release-static|Any CPU.Build.0 = Debug|x64
		{5D47B8B7-16AE-4490-A028-EF0AC74083CC}.Release-static|Mixed Platforms.ActiveCfg = Release|Win32
		{5D47B8B7-16AE-4490-A028-EF0AC74083CC}.Release-static|Mixed Platforms.Build.0 = Release|Win32
		{5D47B8B7-16AE-4490-A028-EF0AC74083CC}.Release-static|Win32.ActiveCfg = Release|Win32
		{5D47B8B7-16AE-4490-A028-EF0AC74083CC}.Release-static|Win32.Build.0 = Release|Win32
		{5D47B8B7-16AE-4490-A028-EF0AC74083CC}.Release-static|x64.ActiveCfg = Release|x64
		{5D47B8B7-16AE-4490-A028-EF0AC74083CC}.Release-static|x64.Build.0 = Release|x64
		{5D47B8B7-16AE-4490-A028-EF0AC74083CC}.Ultimate|Any CPU.ActiveCfg = Release|Win32
		{5D47B8B7-16AE-4490-A028-EF0AC74083CC}.Ultimate|Mixed Platforms.ActiveCfg = Release|Win32
		{5D47B8B7-16AE-4490-A028-EF0AC74083CC}.Ultimate|Mixed Platforms.Build.0 = Release|Win32
		{5D47B8B7-16AE-4490-A028-EF0AC74083CC}.Ultimate|Win32.ActiveCfg = Release|Win32
		{5D47B8B7-16AE-4490-A028-EF0AC74083CC}.Ultimate|Win32.Build.0 = Release|Win32
		{5D47B8B7-16AE-4490-A028-EF0AC74083CC}.Ultimate|x64.ActiveCfg = Release|x64
		{5D47B8B7-16AE-4490-A028-EF0AC74083CC}.Ultimate|x64.Build.0 = Release|x64
	EndGlobalSection
	GlobalSection(SolutionProperties) = preSolution
		HideSolutionNode = FALSE
	EndGlobalSection
	GlobalSection(NestedProjects) = preSolution
		{9C3F704A-25EC-4A48-907D-DF78EA2CFC47} = {38A3A9FF-75A3-4162-947F-5F3081EAA5E9}
		{5D47B8B7-16AE-4490-A028-EF0AC74083CC} = {38A3A9FF-75A3-4162-947F-5F3081EAA5E9}
	EndGlobalSection
	GlobalSection(ExtensibilityGlobals) = postSolution
		SolutionGuid = {23D76817-A0C6-4D12-A183-4D55CB34DE99}
	EndGlobalSection
EndGlobal
